
Microsoft Visual Studio Solution File, Format Version 12.00
# Visual Studio Version 17
VisualStudioVersion = 17.4.33205.214
MinimumVisualStudioVersion = 10.0.40219.1
Project("{FAE04EC0-301F-11D3-BF4B-00C04F79EFBC}") = "ColisionP2", "ColisionP2.csproj", "{3F892C20-955E-480C-BF26-1A8FB0A34140}"
EndProject
Global
	GlobalSection(SolutionConfigurationPlatforms) = preSolution
		Debug|Any CPU = Debug|Any CPU
		Release|Any CPU = Release|Any CPU
	EndGlobalSection
	GlobalSection(ProjectConfigurationPlatforms) = postSolution
		{3F892C20-955E-480C-BF26-1A8FB0A34140}.Debug|Any CPU.ActiveCfg = Debug|Any CPU
		{3F892C20-955E-480C-BF26-1A8FB0A34140}.Debug|Any CPU.Build.0 = Debug|Any CPU
		{3F892C20-955E-480C-BF26-1A8FB0A34140}.Release|Any CPU.ActiveCfg = Release|Any CPU
		{3F892C20-955E-480C-BF26-1A8FB0A34140}.Release|Any CPU.Build.0 = Release|Any CPU
	EndGlobalSection
	GlobalSection(SolutionProperties) = preSolution
		HideSolutionNode = FALSE
	EndGlobalSection
	GlobalSection(ExtensibilityGlobals) = postSolution
		SolutionGuid = {8064B17E-8161-4947-8407-A79A25BCC798}
	EndGlobalSection
EndGlobal
